
Microsoft Visual Studio Solution File, Format Version 12.00
# Visual Studio 14
VisualStudioVersion = 14.0.24720.0
MinimumVisualStudioVersion = 10.0.40219.1
Project("{FAE04EC0-301F-11D3-BF4B-00C04F79EFBC}") = "linq q questions", "linq q questions\linq q questions.csproj", "{AC0905B1-A0D7-450B-A19D-EE4D72828CC2}"
EndProject
Global
	GlobalSection(SolutionConfigurationPlatforms) = preSolution
		Debug|Any CPU = Debug|Any CPU
		Release|Any CPU = Release|Any CPU
	EndGlobalSection
	GlobalSection(ProjectConfigurationPlatforms) = postSolution
		{AC0905B1-A0D7-450B-A19D-EE4D72828CC2}.Debug|Any CPU.ActiveCfg = Debug|Any CPU
		{AC0905B1-A0D7-450B-A19D-EE4D72828CC2}.Debug|Any CPU.Build.0 = Debug|Any CPU
		{AC0905B1-A0D7-450B-A19D-EE4D72828CC2}.Release|Any CPU.ActiveCfg = Release|Any CPU
		{AC0905B1-A0D7-450B-A19D-EE4D72828CC2}.Release|Any CPU.Build.0 = Release|Any CPU
	EndGlobalSection
	GlobalSection(SolutionProperties) = preSolution
		HideSolutionNode = FALSE
	EndGlobalSection
EndGlobal
